// !$*UTF8*$!
{
	archiveVersion = 1;
	classes = {
	};
	objectVersion = 50;
	objects = {

/* Begin PBXBuildFile section */
		7951E7B229B5736F00C3E387 /* AppDelegate.swift in Sources */ = {isa = PBXBuildFile; fileRef = 7951E7B129B5736F00C3E387 /* AppDelegate.swift */; };
		7951E7B429B5736F00C3E387 /* SceneDelegate.swift in Sources */ = {isa = PBXBuildFile; fileRef = 7951E7B329B5736F00C3E387 /* SceneDelegate.swift */; };
		7951E7B629B5736F00C3E387 /* ViewController.swift in Sources */ = {isa = PBXBuildFile; fileRef = 7951E7B529B5736F00C3E387 /* ViewController.swift */; };
		7951E7B929B5736F00C3E387 /* Main.storyboard in Resources */ = {isa = PBXBuildFile; fileRef = 7951E7B729B5736F00C3E387 /* Main.storyboard */; };
		7951E7BB29B5737000C3E387 /* Assets.xcassets in Resources */ = {isa = PBXBuildFile; fileRef = 7951E7BA29B5737000C3E387 /* Assets.xcassets */; };
		7951E7BE29B5737000C3E387 /* LaunchScreen.storyboard in Resources */ = {isa = PBXBuildFile; fileRef = 7951E7BC29B5737000C3E387 /* LaunchScreen.storyboard */; };
/* End PBXBuildFile section */

/* Begin PBXFileReference section */
		7951E7AE29B5736F00C3E387 /* Ios_programming_week_1.app */ = {isa = PBXFileReference; explicitFileType = wrapper.application; includeInIndex = 0; path = Ios_programming_week_1.app; sourceTree = BUILT_PRODUCTS_DIR; };
		7951E7B129B5736F00C3E387 /* AppDelegate.swift */ = {isa = PBXFileReference; lastKnownFileType = sourcecode.swift; path = AppDelegate.swift; sourceTree = "<group>"; };
		7951E7B329B5736F00C3E387 /* SceneDelegate.swift */ = {isa = PBXFileReference; lastKnownFileType = sourcecode.swift; path = SceneDelegate.swift; sourceTree = "<group>"; };
		7951E7B529B5736F00C3E387 /* ViewController.swift */ = {isa = PBXFileReference; lastKnownFileType = sourcecode.swift; path = ViewController.swift; sourceTree = "<group>"; };
		7951E7B829B5736F00C3E387 /* Base */ = {isa = PBXFileReference; lastKnownFileType = file.storyboard; name = Base; path = Base.lproj/Main.storyboard; sourceTree = "<group>"; };
		7951E7BA29B5737000C3E387 /* Assets.xcassets */ = {isa = PBXFileReference; lastKnownFileType = folder.assetcatalog; path = Assets.xcassets; sourceTree = "<group>"; };
		7951E7BD29B5737000C3E387 /* Base */ = {isa = PBXFileReference; lastKnownFileType = file.storyboard; name = Base; path = Base.lproj/LaunchScreen.storyboard; sourceTree = "<group>"; };
		7951E7BF29B5737000C3E387 /* Info.plist */ = {isa = PBXFileReference; lastKnownFileType = text.plist.xml; path = Info.plist; sourceTree = "<group>"; };
/* End PBXFileReference section */

/* Begin PBXFrameworksBuildPhase section */
		7951E7AB29B5736F00C3E387 /* Frameworks */ = {
			isa = PBXFrameworksBuildPhase;
			buildActionMask = 2147483647;
			files = (
			);
			runOnlyForDeploymentPostprocessing = 0;
		};
/* End PBXFrameworksBuildPhase section */

/* Begin PBXGroup section */
		7951E7A529B5736F00C3E387 = {
			isa = PBXGroup;
			children = (
				7951E7B029B5736F00C3E387 /* Ios_programming_week_1 */,
				7951E7AF29B5736F00C3E387 /* Products */,
			);
			sourceTree = "<group>";
		};
		7951E7AF29B5736F00C3E387 /* Products */ = {
			isa = PBXGroup;
			children = (
				7951E7AE29B5736F00C3E387 /* Ios_programming_week_1.app */,
			);
			name = Products;
			sourceTree = "<group>";
		};
		7951E7B029B5736F00C3E387 /* Ios_programming_week_1 */ = {
			isa = PBXGroup;
			children = (
				7951E7B129B5736F00C3E387 /* AppDelegate.swift */,
				7951E7B329B5736F00C3E387 /* SceneDelegate.swift */,
				7951E7B529B5736F00C3E387 /* ViewController.swift */,
				7951E7B729B5736F00C3E387 /* Main.storyboard */,
				7951E7BA29B5737000C3E387 /* Assets.xcassets */,
				7951E7BC29B5737000C3E387 /* LaunchScreen.storyboard */,
				7951E7BF29B5737000C3E387 /* Info.plist */,
			);
			path = Ios_programming_week_1;
			sourceTree = "<group>";
		};
/* End PBXGroup section */

/* Begin PBXNativeTarget section */
		7951E7AD29B5736F00C3E387 /* Ios_programming_week_1 */ = {
			isa = PBXNativeTarget;
			buildConfigurationList = 7951E7C229B5737000C3E387 /* Build configuration list for PBXNativeTarget "Ios_programming_week_1" */;
			buildPhases = (
				7951E7AA29B5736F00C3E387 /* Sources */,
				7951E7AB29B5736F00C3E387 /* Frameworks */,
				7951E7AC29B5736F00C3E387 /* Resources */,
			);
			buildRules = (
			);
			dependencies = (
			);
			name = Ios_programming_week_1;
			productName = Ios_programming_week_1;
			productReference = 7951E7AE29B5736F00C3E387 /* Ios_programming_week_1.app */;
			productType = "com.apple.product-type.application";
		};
/* End PBXNativeTarget section */

/* Begin PBXProject section */
		7951E7A629B5736F00C3E387 /* Project object */ = {
			isa = PBXProject;
			attributes = {
				LastSwiftUpdateCheck = 1160;
				LastUpgradeCheck = 1160;
				ORGANIZATIONNAME = Capstone;
				TargetAttributes = {
					7951E7AD29B5736F00C3E387 = {
						CreatedOnToolsVersion = 11.6;
					};
				};
			};
			buildConfigurationList = 7951E7A929B5736F00C3E387 /* Build configuration list for PBXProject "Ios_programming_week_1" */;
			compatibilityVersion = "Xcode 9.3";
			developmentRegion = en;
			hasScannedForEncodings = 0;
			knownRegions = (
				en,
				Base,
			);
			mainGroup = 7951E7A529B5736F00C3E387;
			productRefGroup = 7951E7AF29B5736F00C3E387 /* Products */;
			projectDirPath = "";
			projectRoot = "";
			targets = (
				7951E7AD29B5736F00C3E387 /* Ios_programming_week_1 */,
			);
		};
/* End PBXProject section */

/* Begin PBXResourcesBuildPhase section */
		7951E7AC29B5736F00C3E387 /* Resources */ = {
			isa = PBXResourcesBuildPhase;
			buildActionMask = 2147483647;
			files = (
				7951E7BE29B5737000C3E387 /* LaunchScreen.storyboard in Resources */,
				7951E7BB29B5737000C3E387 /* Assets.xcassets in Resources */,
				7951E7B929B5736F00C3E387 /* Main.storyboard in Resources */,
			);
			runOnlyForDeploymentPostprocessing = 0;
		};
/* End PBXResourcesBuildPhase section */

/* Begin PBXSourcesBuildPhase section */
		7951E7AA29B5736F00C3E387 /* Sources */ = {
			isa = PBXSourcesBuildPhase;
			buildActionMask = 2147483647;
			files = (
				7951E7B629B5736F00C3E387 /* ViewController.swift in Sources */,
				7951E7B229B5736F00C3E387 /* AppDelegate.swift in Sources */,
				7951E7B429B5736F00C3E387 /* SceneDelegate.swift in Sources */,
			);
			runOnlyForDeploymentPostprocessing = 0;
		};
/* End PBXSourcesBuildPhase section */

/* Begin PBXVariantGroup section */
		7951E7B729B5736F00C3E387 /* Main.storyboard */ = {
			isa = PBXVariantGroup;
			children = (
				7951E7B829B5736F00C3E387 /* Base */,
			);
			name = Main.storyboard;
			sourceTree = "<group>";
		};
		7951E7BC29B5737000C3E387 /* LaunchScreen.storyboard */ = {
			isa = PBXVariantGroup;
			children = (
				7951E7BD29B5737000C3E387 /* Base */,
			);
			name = LaunchScreen.storyboard;
			sourceTree = "<group>";
		};
/* End PBXVariantGroup section */

/* Begin XCBuildConfiguration section */
		7951E7C029B5737000C3E387 /* Debug */ = {
			isa = XCBuildConfiguration;
			buildSettings = {
				ALWAYS_SEARCH_USER_PATHS = NO;
				CLANG_ANALYZER_NONNULL = YES;
				CLANG_ANALYZER_NUMBER_OBJECT_CONVERSION = YES_AGGRESSIVE;
				CLANG_CXX_LANGUAGE_STANDARD = "gnu++14";
				CLANG_CXX_LIBRARY = "libc++";
				CLANG_ENABLE_MODULES = YES;
				CLANG_ENABLE_OBJC_ARC = YES;
				CLANG_ENABLE_OBJC_WEAK = YES;
				CLANG_WARN_BLOCK_CAPTURE_AUTORELEASING = YES;
				CLANG_WARN_BOOL_CONVERSION = YES;
				CLANG_WARN_COMMA = YES;
				CLANG_WARN_CONSTANT_CONVERSION = YES;
				CLANG_WARN_DEPRECATED_OBJC_IMPLEMENTATIONS = YES;
				CLANG_WARN_DIRECT_OBJC_ISA_USAGE = YES_ERROR;
				CLANG_WARN_DOCUMENTATION_COMMENTS = YES;
				CLANG_WARN_EMPTY_BODY = YES;
				CLANG_WARN_ENUM_CONVERSION = YES;
				CLANG_WARN_INFINITE_RECURSION = YES;
				CLANG_WARN_INT_CONVERSION = YES;
				CLANG_WARN_NON_LITERAL_NULL_CONVERSION = YES;
				CLANG_WARN_OBJC_IMPLICIT_RETAIN_SELF = YES;
				CLANG_WARN_OBJC_LITERAL_CONVERSION = YES;
				CLANG_WARN_OBJC_ROOT_CLASS = YES_ERROR;
				CLANG_WARN_RANGE_LOOP_ANALYSIS = YES;
				CLANG_WARN_STRICT_PROTOTYPES = YES;
				CLANG_WARN_SUSPICIOUS_MOVE = YES;
				CLANG_WARN_UNGUARDED_AVAILABILITY = YES_AGGRESSIVE;
				CLANG_WARN_UNREACHABLE_CODE = YES;
				CLANG_WARN__DUPLICATE_METHOD_MATCH = YES;
				COPY_PHASE_STRIP = NO;
				DEBUG_INFORMATION_FORMAT = dwarf;
				ENABLE_STRICT_OBJC_MSGSEND = YES;
				ENABLE_TESTABILITY = YES;
				GCC_C_LANGUAGE_STANDARD = gnu11;
				GCC_DYNAMIC_NO_PIC = NO;
				GCC_NO_COMMON_BLOCKS = YES;
				GCC_OPTIMIZATION_LEVEL = 0;
				GCC_PREPROCESSOR_DEFINITIONS = (
					"DEBUG=1",
					"$(inherited)",
				);
				GCC_WARN_64_TO_32_BIT_CONVERSION = YES;
				GCC_WARN_ABOUT_RETURN_TYPE = YES_ERROR;
				GCC_WARN_UNDECLARED_SELECTOR = YES;
				GCC_WARN_UNINITIALIZED_AUTOS = YES_AGGRESSIVE;
				GCC_WARN_UNUSED_FUNCTION = YES;
				GCC_WARN_UNUSED_VARIABLE = YES;
				IPHONEOS_DEPLOYMENT_TARGET = 13.6;
				MTL_ENABLE_DEBUG_INFO = INCLUDE_SOURCE;
				MTL_FAST_MATH = YES;
				ONLY_ACTIVE_ARCH = YES;
				SDKROOT = iphoneos;
				SWIFT_ACTIVE_COMPILATION_CONDITIONS = DEBUG;
				SWIFT_OPTIMIZATION_LEVEL = "-Onone";
			};
			name = Debug;
		};
		7951E7C129B5737000C3E387 /* Release */ = {
			isa = XCBuildConfiguration;
			buildSettings = {
				ALWAYS_SEARCH_USER_PATHS = NO;
				CLANG_ANALYZER_NONNULL = YES;
				CLANG_ANALYZER_NUMBER_OBJECT_CONVERSION = YES_AGGRESSIVE;
				CLANG_CXX_LANGUAGE_STANDARD = "gnu++14";
				CLANG_CXX_LIBRARY = "libc++";
				CLANG_ENABLE_MODULES = YES;
				CLANG_ENABLE_OBJC_ARC = YES;
				CLANG_ENABLE_OBJC_WEAK = YES;
				CLANG_WARN_BLOCK_CAPTURE_AUTORELEASING = YES;
				CLANG_WARN_BOOL_CONVERSION = YES;
				CLANG_WARN_COMMA = YES;
				CLANG_WARN_CONSTANT_CONVERSION = YES;
				CLANG_WARN_DEPRECATED_OBJC_IMPLEMENTATIONS = YES;
				CLANG_WARN_DIRECT_OBJC_ISA_USAGE = YES_ERROR;
				CLANG_WARN_DOCUMENTATION_COMMENTS = YES;
				CLANG_WARN_EMPTY_BODY = YES;
				CLANG_WARN_ENUM_CONVERSION = YES;
				CLANG_WARN_INFINITE_RECURSION = YES;
				CLANG_WARN_INT_CONVERSION = YES;
				CLANG_WARN_NON_LITERAL_NULL_CONVERSION = YES;
				CLANG_WARN_OBJC_IMPLICIT_RETAIN_SELF = YES;
				CLANG_WARN_OBJC_LITERAL_CONVERSION = YES;
				CLANG_WARN_OBJC_ROOT_CLASS = YES_ERROR;
				CLANG_WARN_RANGE_LOOP_ANALYSIS = YES;
				CLANG_WARN_STRICT_PROTOTYPES = YES;
				CLANG_WARN_SUSPICIOUS_MOVE = YES;
				CLANG_WARN_UNGUARDED_AVAILABILITY = YES_AGGRESSIVE;
				CLANG_WARN_UNREACHABLE_CODE = YES;
				CLANG_WARN__DUPLICATE_METHOD_MATCH = YES;
				COPY_PHASE_STRIP = NO;
				DEBUG_INFORMATION_FORMAT = "dwarf-with-dsym";
				ENABLE_NS_ASSERTIONS = NO;
				ENABLE_STRICT_OBJC_MSGSEND = YES;
				GCC_C_LANGUAGE_STANDARD = gnu11;
				GCC_NO_COMMON_BLOCKS = YES;
				GCC_WARN_64_TO_32_BIT_CONVERSION = YES;
				GCC_WARN_ABOUT_RETURN_TYPE = YES_ERROR;
				GCC_WARN_UNDECLARED_SELECTOR = YES;
				GCC_WARN_UNINITIALIZED_AUTOS = YES_AGGRESSIVE;
				GCC_WARN_UNUSED_FUNCTION = YES;
				GCC_WARN_UNUSED_VARIABLE = YES;
				IPHONEOS_DEPLOYMENT_TARGET = 13.6;
				MTL_ENABLE_DEBUG_INFO = NO;
				MTL_FAST_MATH = YES;
				SDKROOT = iphoneos;
				SWIFT_COMPILATION_MODE = wholemodule;
				SWIFT_OPTIMIZATION_LEVEL = "-O";
				VALIDATE_PRODUCT = YES;
			};
			name = Release;
		};
		7951E7C329B5737000C3E387 /* Debug */ = {
			isa = XCBuildConfiguration;
			buildSettings = {
				ASSETCATALOG_COMPILER_APPICON_NAME = AppIcon;
				CODE_SIGN_STYLE = Automatic;
				INFOPLIST_FILE = Ios_programming_week_1/Info.plist;
				LD_RUNPATH_SEARCH_PATHS = (
					"$(inherited)",
					"@executable_path/Frameworks",
				);
				PRODUCT_BUNDLE_IDENTIFIER = "ios.hansung.ac.kr.Ios-programming-week-1";
				PRODUCT_NAME = "$(TARGET_NAME)";
				SWIFT_VERSION = 5.0;
				TARGETED_DEVICE_FAMILY = "1,2";
			};
			name = Debug;
		};
		7951E7C429B5737000C3E387 /* Release */ = {
			isa = XCBuildConfiguration;
			buildSettings = {
				ASSETCATALOG_COMPILER_APPICON_NAME = AppIcon;
				CODE_SIGN_STYLE = Automatic;
				INFOPLIST_FILE = Ios_programming_week_1/Info.plist;
				LD_RUNPATH_SEARCH_PATHS = (
					"$(inherited)",
					"@executable_path/Frameworks",
				);
				PRODUCT_BUNDLE_IDENTIFIER = "ios.hansung.ac.kr.Ios-programming-week-1";
				PRODUCT_NAME = "$(TARGET_NAME)";
				SWIFT_VERSION = 5.0;
				TARGETED_DEVICE_FAMILY = "1,2";
			};
			name = Release;
		};
/* End XCBuildConfiguration section */

/* Begin XCConfigurationList section */
		7951E7A929B5736F00C3E387 /* Build configuration list for PBXProject "Ios_programming_week_1" */ = {
			isa = XCConfigurationList;
			buildConfigurations = (
				7951E7C029B5737000C3E387 /* Debug */,
				7951E7C129B5737000C3E387 /* Release */,
			);
			defaultConfigurationIsVisible = 0;
			defaultConfigurationName = Release;
		};
		7951E7C229B5737000C3E387 /* Build configuration list for PBXNativeTarget "Ios_programming_week_1" */ = {
			isa = XCConfigurationList;
			buildConfigurations = (
				7951E7C329B5737000C3E387 /* Debug */,
				7951E7C429B5737000C3E387 /* Release */,
			);
			defaultConfigurationIsVisible = 0;
			defaultConfigurationName = Release;
		};
/* End XCConfigurationList section */
	};
	rootObject = 7951E7A629B5736F00C3E387 /* Project object */;
}
